
Microsoft Visual Studio Solution File, Format Version 12.00
# Visual Studio Version 17
VisualStudioVersion = 17.11.35327.3
MinimumVisualStudioVersion = 10.0.40219.1
Project("{9A19103F-16F7-4668-BE54-9A1E7A4F7556}") = "Fido2SampleCode", "Fido2SampleCode.csproj", "{1931206D-ED53-4147-8971-BAC3D4ADE5E7}"
EndProject
Project("{9A19103F-16F7-4668-BE54-9A1E7A4F7556}") = "SharedSampleCode", "..\SharedSampleCode\SharedSampleCode.csproj", "{F4732FD7-E2E8-4A84-BDBE-4D45B2C4AFCE}"
	ProjectSection(ProjectDependencies) = postProject
		{ED8EBA2A-7F34-43FA-94F9-13969A07ED60} = {ED8EBA2A-7F34-43FA-94F9-13969A07ED60}
	EndProjectSection
EndProject
Project("{9A19103F-16F7-4668-BE54-9A1E7A4F7556}") = "Yubico.YubiKey", "..\..\src\Yubico.YubiKey.csproj", "{ED8EBA2A-7F34-43FA-94F9-13969A07ED60}"
EndProject
Project("{9A19103F-16F7-4668-BE54-9A1E7A4F7556}") = "Yubico.Core", "..\..\..\Yubico.Core\src\Yubico.Core.csproj", "{3264D7A9-9EA8-47FD-854F-85E127F7F9E0}"
EndProject
Global
	GlobalSection(SolutionConfigurationPlatforms) = preSolution
		Debug|Any CPU = Debug|Any CPU
		Release|Any CPU = Release|Any CPU
		ReleaseWithDocs|Any CPU = ReleaseWithDocs|Any CPU
	EndGlobalSection
	GlobalSection(ProjectConfigurationPlatforms) = postSolution
		{1931206D-ED53-4147-8971-BAC3D4ADE5E7}.Debug|Any CPU.ActiveCfg = Debug|Any CPU
		{1931206D-ED53-4147-8971-BAC3D4ADE5E7}.Debug|Any CPU.Build.0 = Debug|Any CPU
		{1931206D-ED53-4147-8971-BAC3D4ADE5E7}.Release|Any CPU.ActiveCfg = Release|Any CPU
		{1931206D-ED53-4147-8971-BAC3D4ADE5E7}.Release|Any CPU.Build.0 = Release|Any CPU
		{1931206D-ED53-4147-8971-BAC3D4ADE5E7}.ReleaseWithDocs|Any CPU.ActiveCfg = Release|Any CPU
		{1931206D-ED53-4147-8971-BAC3D4ADE5E7}.ReleaseWithDocs|Any CPU.Build.0 = Release|Any CPU
		{F4732FD7-E2E8-4A84-BDBE-4D45B2C4AFCE}.Debug|Any CPU.ActiveCfg = Debug|Any CPU
		{F4732FD7-E2E8-4A84-BDBE-4D45B2C4AFCE}.Debug|Any CPU.Build.0 = Debug|Any CPU
		{F4732FD7-E2E8-4A84-BDBE-4D45B2C4AFCE}.Release|Any CPU.ActiveCfg = Release|Any CPU
		{F4732FD7-E2E8-4A84-BDBE-4D45B2C4AFCE}.Release|Any CPU.Build.0 = Release|Any CPU
		{F4732FD7-E2E8-4A84-BDBE-4D45B2C4AFCE}.ReleaseWithDocs|Any CPU.ActiveCfg = Release|Any CPU
		{F4732FD7-E2E8-4A84-BDBE-4D45B2C4AFCE}.ReleaseWithDocs|Any CPU.Build.0 = Release|Any CPU
		{ED8EBA2A-7F34-43FA-94F9-13969A07ED60}.Debug|Any CPU.ActiveCfg = Debug|Any CPU
		{ED8EBA2A-7F34-43FA-94F9-13969A07ED60}.Debug|Any CPU.Build.0 = Debug|Any CPU
		{ED8EBA2A-7F34-43FA-94F9-13969A07ED60}.Release|Any CPU.ActiveCfg = Release|Any CPU
		{ED8EBA2A-7F34-43FA-94F9-13969A07ED60}.Release|Any CPU.Build.0 = Release|Any CPU
		{ED8EBA2A-7F34-43FA-94F9-13969A07ED60}.ReleaseWithDocs|Any CPU.ActiveCfg = ReleaseWithDocs|Any CPU
		{ED8EBA2A-7F34-43FA-94F9-13969A07ED60}.ReleaseWithDocs|Any CPU.Build.0 = ReleaseWithDocs|Any CPU
		{3264D7A9-9EA8-47FD-854F-85E127F7F9E0}.Debug|Any CPU.ActiveCfg = Debug|Any CPU
		{3264D7A9-9EA8-47FD-854F-85E127F7F9E0}.Debug|Any CPU.Build.0 = Debug|Any CPU
		{3264D7A9-9EA8-47FD-854F-85E127F7F9E0}.Release|Any CPU.ActiveCfg = Release|Any CPU
		{3264D7A9-9EA8-47FD-854F-85E127F7F9E0}.Release|Any CPU.Build.0 = Release|Any CPU
		{3264D7A9-9EA8-47FD-854F-85E127F7F9E0}.ReleaseWithDocs|Any CPU.ActiveCfg = ReleaseWithDocs|Any CPU
		{3264D7A9-9EA8-47FD-854F-85E127F7F9E0}.ReleaseWithDocs|Any CPU.Build.0 = ReleaseWithDocs|Any CPU
	EndGlobalSection
	GlobalSection(SolutionProperties) = preSolution
		HideSolutionNode = FALSE
	EndGlobalSection
	GlobalSection(ExtensibilityGlobals) = postSolution
		SolutionGuid = {17FF2BB8-6C49-4589-B4AC-1E11226F823B}
	EndGlobalSection
EndGlobal
